version = 1
revision = 3
requires-python = ">=3.11"

[[package]]
name = "lgpio"
version = "0.2.2.0"
source = { registry = "https://pypi.org/simple" }
sdist = { url = "https://files.pythonhosted.org/packages/56/33/26ec2e8049eaa2f077bf23a12dc61ca559fbfa7bea0516bf263d657ae275/lgpio-0.2.2.0.tar.gz", hash = "sha256:11372e653b200f76a0b3ef8a23a0735c85ec678a9f8550b9893151ed0f863fff", size = 90087, upload-time = "2024-03-29T21:59:55.901Z" }
wheels = [
    { url = "https://files.pythonhosted.org/packages/78/4e/5721ae44b29e4fe9175f68c881694e3713066590739a7c87f8cee2835c25/lgpio-0.2.2.0-cp311-cp311-linux_armv7l.whl", hash = "sha256:5b3c403e1fba9c17d178f1bde102726c548fc5c4fc1ccf5ec3e18f3c08e07e04", size = 382992, upload-time = "2024-03-29T22:00:45.039Z" },
    { url = "https://files.pythonhosted.org/packages/88/53/e57a22fe815fc68d0991655c1105b8ed872a68491d32e4e0e7d10ffb5c4d/lgpio-0.2.2.0-cp311-cp311-manylinux_2_34_aarch64.whl", hash = "sha256:a2f71fb95b149d8ac82c7c6bae70f054f6dc42a006ad35c90c7d8e54921fbcf4", size = 364848, upload-time = "2024-04-01T22:49:45.889Z" },
    { url = "https://files.pythonhosted.org/packages/a4/71/11f4e3d76400e4ca43f9f9b014f5a86d9a265340c0bea45cce037277eb34/lgpio-0.2.2.0-cp311-cp311-manylinux_2_34_x86_64.whl", hash = "sha256:e9f4f3915abe5ae0ffdb4b96f485076d80a663876d839e2d3fd9218a71b9873e", size = 370183, upload-time = "2024-04-13T14:08:14.139Z" },
    { url = "https://files.pythonhosted.org/packages/fe/73/e56c9afb845df53492d42bdea01df9895272bccfdd5128f34719c3a07990/lgpio-0.2.2.0-cp312-cp312-linux_armv7l.whl", hash = "sha256:6c65ac42e878764d04a71ed12fe6d46089b36e9e8127722bf29bb2e4bc91de22", size = 383956, upload-time = "2024-03-29T22:00:47.315Z" },
    { url = "https://files.pythonhosted.org/packages/3b/1c/becd00f66d2c65feed9a668ff9d91732394cb6baba7bec505d55de0e30c9/lgpio-0.2.2.0-cp312-cp312-manylinux_2_34_aarch64.whl", hash = "sha256:d907db79292c721c605af08187385ddb3b7af09907e1ffca56cf0cd6558ace0a", size = 366058, upload-time = "2024-04-01T22:49:47.615Z" },
    { url = "https://files.pythonhosted.org/packages/4c/7a/e3b4e5225c9792c4092b2cc07504746acbe62d0a8e4cb023bdf65f6430cf/lgpio-0.2.2.0-cp312-cp312-manylinux_2_34_x86_64.whl", hash = "sha256:2aadff092f642fcdada8457c158f87259dfda3a89ec19bae0b99ff22b34aac4b", size = 372103, upload-time = "2024-04-13T14:08:16.351Z" },
]

[[package]]
name = "rpi-gpio"
version = "0.7.1"
source = { registry = "https://pypi.org/simple" }
sdist = { url = "https://files.pythonhosted.org/packages/c4/0f/10b524a12b3445af1c607c27b2f5ed122ef55756e29942900e5c950735f2/RPi.GPIO-0.7.1.tar.gz", hash = "sha256:cd61c4b03c37b62bba4a5acfea9862749c33c618e0295e7e90aa4713fb373b70", size = 29090, upload-time = "2022-02-06T15:15:06.022Z" }

[[package]]
name = "sh5461as-demo"
version = "0.1.0"
source = { virtual = "." }
dependencies = [
    { name = "rpi-gpio" },
]

[package.dev-dependencies]
pi5 = [
    { name = "lgpio" },
]

[package.metadata]
requires-dist = [{ name = "rpi-gpio", specifier = ">=0.7" }]

[package.metadata.requires-dev]
pi5 = [{ name = "lgpio", specifier = ">=0.2" }]
